// !$*UTF8*$!
{
	archiveVersion = 1;
	classes = {
	};
	objectVersion = 56;
	objects = {

/* Begin PBXBuildFile section */
		A1670CAA2B02438A00C0A313 /* BPS_MVVMApp.swift in Sources */ = {isa = PBXBuildFile; fileRef = A1670CA92B02438A00C0A313 /* BPS_MVVMApp.swift */; };
		A1670CAC2B02438A00C0A313 /* ContentView.swift in Sources */ = {isa = PBXBuildFile; fileRef = A1670CAB2B02438A00C0A313 /* ContentView.swift */; };
		A1670CAE2B02438C00C0A313 /* Assets.xcassets in Resources */ = {isa = PBXBuildFile; fileRef = A1670CAD2B02438C00C0A313 /* Assets.xcassets */; };
		A1670CB12B02438C00C0A313 /* Preview Assets.xcassets in Resources */ = {isa = PBXBuildFile; fileRef = A1670CB02B02438C00C0A313 /* Preview Assets.xcassets */; };
		A1670CB32B02438C00C0A313 /* Persistence.swift in Sources */ = {isa = PBXBuildFile; fileRef = A1670CB22B02438C00C0A313 /* Persistence.swift */; };
		A1670CB62B02438C00C0A313 /* BPS_MVVM.xcdatamodeld in Sources */ = {isa = PBXBuildFile; fileRef = A1670CB42B02438C00C0A313 /* BPS_MVVM.xcdatamodeld */; };
		A1670CBE2B0245A000C0A313 /* BPItem+CoreDataClass.swift in Sources */ = {isa = PBXBuildFile; fileRef = A1670CBC2B0245A000C0A313 /* BPItem+CoreDataClass.swift */; };
		A1670CBF2B0245A000C0A313 /* BPItem+CoreDataProperties.swift in Sources */ = {isa = PBXBuildFile; fileRef = A1670CBD2B0245A000C0A313 /* BPItem+CoreDataProperties.swift */; };
		A1670CC12B0247D300C0A313 /* BPItemViewModel.swift in Sources */ = {isa = PBXBuildFile; fileRef = A1670CC02B0247D300C0A313 /* BPItemViewModel.swift */; };
		A1670CC32B024AF300C0A313 /* NewItemView.swift in Sources */ = {isa = PBXBuildFile; fileRef = A1670CC22B024AF300C0A313 /* NewItemView.swift */; };
		A1670CC92B034A5D00C0A313 /* ReadView.swift in Sources */ = {isa = PBXBuildFile; fileRef = A1670CC82B034A5D00C0A313 /* ReadView.swift */; };
		A1670CCB2B034AC900C0A313 /* Formatter.swift in Sources */ = {isa = PBXBuildFile; fileRef = A1670CCA2B034AC900C0A313 /* Formatter.swift */; };
		A1670CCE2B034C3400C0A313 /* ThemeClass.swift in Sources */ = {isa = PBXBuildFile; fileRef = A1670CCD2B034C3400C0A313 /* ThemeClass.swift */; };
		A1670CD02B0351B000C0A313 /* Const.swift in Sources */ = {isa = PBXBuildFile; fileRef = A1670CCF2B0351B000C0A313 /* Const.swift */; };
		A1670CD22B03561E00C0A313 /* DetailPageView.swift in Sources */ = {isa = PBXBuildFile; fileRef = A1670CD12B03561E00C0A313 /* DetailPageView.swift */; };
		A1CC89112B0C94E50022E491 /* SettingPageView.swift in Sources */ = {isa = PBXBuildFile; fileRef = A1CC89102B0C94E50022E491 /* SettingPageView.swift */; };
		A1CC89132B0C98AD0022E491 /* HomePageView.swift in Sources */ = {isa = PBXBuildFile; fileRef = A1CC89122B0C98AD0022E491 /* HomePageView.swift */; };
		A1CC89152B0C9D550022E491 /* ChartPageView.swift in Sources */ = {isa = PBXBuildFile; fileRef = A1CC89142B0C9D550022E491 /* ChartPageView.swift */; };
/* End PBXBuildFile section */

/* Begin PBXFileReference section */
		A1670CA62B02438A00C0A313 /* BPS_MVVM.app */ = {isa = PBXFileReference; explicitFileType = wrapper.application; includeInIndex = 0; path = BPS_MVVM.app; sourceTree = BUILT_PRODUCTS_DIR; };
		A1670CA92B02438A00C0A313 /* BPS_MVVMApp.swift */ = {isa = PBXFileReference; lastKnownFileType = sourcecode.swift; path = BPS_MVVMApp.swift; sourceTree = "<group>"; };
		A1670CAB2B02438A00C0A313 /* ContentView.swift */ = {isa = PBXFileReference; lastKnownFileType = sourcecode.swift; path = ContentView.swift; sourceTree = "<group>"; };
		A1670CAD2B02438C00C0A313 /* Assets.xcassets */ = {isa = PBXFileReference; lastKnownFileType = folder.assetcatalog; path = Assets.xcassets; sourceTree = "<group>"; };
		A1670CB02B02438C00C0A313 /* Preview Assets.xcassets */ = {isa = PBXFileReference; lastKnownFileType = folder.assetcatalog; path = "Preview Assets.xcassets"; sourceTree = "<group>"; };
		A1670CB22B02438C00C0A313 /* Persistence.swift */ = {isa = PBXFileReference; lastKnownFileType = sourcecode.swift; path = Persistence.swift; sourceTree = "<group>"; };
		A1670CB52B02438C00C0A313 /* BPS_MVVM.xcdatamodel */ = {isa = PBXFileReference; lastKnownFileType = wrapper.xcdatamodel; path = BPS_MVVM.xcdatamodel; sourceTree = "<group>"; };
		A1670CBC2B0245A000C0A313 /* BPItem+CoreDataClass.swift */ = {isa = PBXFileReference; lastKnownFileType = sourcecode.swift; path = "BPItem+CoreDataClass.swift"; sourceTree = "<group>"; };
		A1670CBD2B0245A000C0A313 /* BPItem+CoreDataProperties.swift */ = {isa = PBXFileReference; lastKnownFileType = sourcecode.swift; path = "BPItem+CoreDataProperties.swift"; sourceTree = "<group>"; };
		A1670CC02B0247D300C0A313 /* BPItemViewModel.swift */ = {isa = PBXFileReference; lastKnownFileType = sourcecode.swift; path = BPItemViewModel.swift; sourceTree = "<group>"; };
		A1670CC22B024AF300C0A313 /* NewItemView.swift */ = {isa = PBXFileReference; lastKnownFileType = sourcecode.swift; path = NewItemView.swift; sourceTree = "<group>"; };
		A1670CC82B034A5D00C0A313 /* ReadView.swift */ = {isa = PBXFileReference; lastKnownFileType = sourcecode.swift; path = ReadView.swift; sourceTree = "<group>"; };
		A1670CCA2B034AC900C0A313 /* Formatter.swift */ = {isa = PBXFileReference; lastKnownFileType = sourcecode.swift; path = Formatter.swift; sourceTree = "<group>"; };
		A1670CCD2B034C3400C0A313 /* ThemeClass.swift */ = {isa = PBXFileReference; lastKnownFileType = sourcecode.swift; path = ThemeClass.swift; sourceTree = "<group>"; };
		A1670CCF2B0351B000C0A313 /* Const.swift */ = {isa = PBXFileReference; lastKnownFileType = sourcecode.swift; path = Const.swift; sourceTree = "<group>"; };
		A1670CD12B03561E00C0A313 /* DetailPageView.swift */ = {isa = PBXFileReference; lastKnownFileType = sourcecode.swift; path = DetailPageView.swift; sourceTree = "<group>"; };
		A1CC89102B0C94E50022E491 /* SettingPageView.swift */ = {isa = PBXFileReference; lastKnownFileType = sourcecode.swift; path = SettingPageView.swift; sourceTree = "<group>"; };
		A1CC89122B0C98AD0022E491 /* HomePageView.swift */ = {isa = PBXFileReference; lastKnownFileType = sourcecode.swift; path = HomePageView.swift; sourceTree = "<group>"; };
		A1CC89142B0C9D550022E491 /* ChartPageView.swift */ = {isa = PBXFileReference; lastKnownFileType = sourcecode.swift; path = ChartPageView.swift; sourceTree = "<group>"; };
/* End PBXFileReference section */

/* Begin PBXFrameworksBuildPhase section */
		A1670CA32B02438A00C0A313 /* Frameworks */ = {
			isa = PBXFrameworksBuildPhase;
			buildActionMask = 2147483647;
			files = (
			);
			runOnlyForDeploymentPostprocessing = 0;
		};
/* End PBXFrameworksBuildPhase section */

/* Begin PBXGroup section */
		A1670C9D2B02438A00C0A313 = {
			isa = PBXGroup;
			children = (
				A1670CCF2B0351B000C0A313 /* Const.swift */,
				A1670CCA2B034AC900C0A313 /* Formatter.swift */,
				A1670CC72B0259A700C0A313 /* CoreData */,
				A1670CC62B02598400C0A313 /* View */,
				A1670CC42B02595F00C0A313 /* Model */,
				A1670CCC2B034BDA00C0A313 /* ThemeClass */,
				A1670CC52B02596E00C0A313 /* ViewModel */,
				A1670CA82B02438A00C0A313 /* BPS_MVVM */,
				A1670CA72B02438A00C0A313 /* Products */,
			);
			sourceTree = "<group>";
		};
		A1670CA72B02438A00C0A313 /* Products */ = {
			isa = PBXGroup;
			children = (
				A1670CA62B02438A00C0A313 /* BPS_MVVM.app */,
			);
			name = Products;
			sourceTree = "<group>";
		};
		A1670CA82B02438A00C0A313 /* BPS_MVVM */ = {
			isa = PBXGroup;
			children = (
				A1670CA92B02438A00C0A313 /* BPS_MVVMApp.swift */,
				A1670CAD2B02438C00C0A313 /* Assets.xcassets */,
				A1670CAF2B02438C00C0A313 /* Preview Content */,
			);
			path = BPS_MVVM;
			sourceTree = "<group>";
		};
		A1670CAF2B02438C00C0A313 /* Preview Content */ = {
			isa = PBXGroup;
			children = (
				A1670CB02B02438C00C0A313 /* Preview Assets.xcassets */,
			);
			path = "Preview Content";
			sourceTree = "<group>";
		};
		A1670CC42B02595F00C0A313 /* Model */ = {
			isa = PBXGroup;
			children = (
				A1670CBD2B0245A000C0A313 /* BPItem+CoreDataProperties.swift */,
				A1670CBC2B0245A000C0A313 /* BPItem+CoreDataClass.swift */,
			);
			path = Model;
			sourceTree = "<group>";
		};
		A1670CC52B02596E00C0A313 /* ViewModel */ = {
			isa = PBXGroup;
			children = (
				A1670CC02B0247D300C0A313 /* BPItemViewModel.swift */,
			);
			path = ViewModel;
			sourceTree = "<group>";
		};
		A1670CC62B02598400C0A313 /* View */ = {
			isa = PBXGroup;
			children = (
				A1CC89122B0C98AD0022E491 /* HomePageView.swift */,
				A1670CAB2B02438A00C0A313 /* ContentView.swift */,
				A1670CD12B03561E00C0A313 /* DetailPageView.swift */,
				A1670CC82B034A5D00C0A313 /* ReadView.swift */,
				A1670CC22B024AF300C0A313 /* NewItemView.swift */,
				A1CC89142B0C9D550022E491 /* ChartPageView.swift */,
				A1CC89102B0C94E50022E491 /* SettingPageView.swift */,
			);
			path = View;
			sourceTree = "<group>";
		};
		A1670CC72B0259A700C0A313 /* CoreData */ = {
			isa = PBXGroup;
			children = (
				A1670CB22B02438C00C0A313 /* Persistence.swift */,
				A1670CB42B02438C00C0A313 /* BPS_MVVM.xcdatamodeld */,
			);
			path = CoreData;
			sourceTree = "<group>";
		};
		A1670CCC2B034BDA00C0A313 /* ThemeClass */ = {
			isa = PBXGroup;
			children = (
				A1670CCD2B034C3400C0A313 /* ThemeClass.swift */,
			);
			path = ThemeClass;
			sourceTree = "<group>";
		};
/* End PBXGroup section */

/* Begin PBXNativeTarget section */
		A1670CA52B02438A00C0A313 /* BPS_MVVM */ = {
			isa = PBXNativeTarget;
			buildConfigurationList = A1670CB92B02438C00C0A313 /* Build configuration list for PBXNativeTarget "BPS_MVVM" */;
			buildPhases = (
				A1670CA22B02438A00C0A313 /* Sources */,
				A1670CA32B02438A00C0A313 /* Frameworks */,
				A1670CA42B02438A00C0A313 /* Resources */,
			);
			buildRules = (
			);
			dependencies = (
			);
			name = BPS_MVVM;
			productName = BPS_MVVM;
			productReference = A1670CA62B02438A00C0A313 /* BPS_MVVM.app */;
			productType = "com.apple.product-type.application";
		};
/* End PBXNativeTarget section */

/* Begin PBXProject section */
		A1670C9E2B02438A00C0A313 /* Project object */ = {
			isa = PBXProject;
			attributes = {
				BuildIndependentTargetsInParallel = 1;
				LastSwiftUpdateCheck = 1430;
				LastUpgradeCheck = 1430;
				TargetAttributes = {
					A1670CA52B02438A00C0A313 = {
						CreatedOnToolsVersion = 14.3;
					};
				};
			};
			buildConfigurationList = A1670CA12B02438A00C0A313 /* Build configuration list for PBXProject "BPS_MVVM" */;
			compatibilityVersion = "Xcode 14.0";
			developmentRegion = en;
			hasScannedForEncodings = 0;
			knownRegions = (
				en,
				Base,
			);
			mainGroup = A1670C9D2B02438A00C0A313;
			productRefGroup = A1670CA72B02438A00C0A313 /* Products */;
			projectDirPath = "";
			projectRoot = "";
			targets = (
				A1670CA52B02438A00C0A313 /* BPS_MVVM */,
			);
		};
/* End PBXProject section */

/* Begin PBXResourcesBuildPhase section */
		A1670CA42B02438A00C0A313 /* Resources */ = {
			isa = PBXResourcesBuildPhase;
			buildActionMask = 2147483647;
			files = (
				A1670CB12B02438C00C0A313 /* Preview Assets.xcassets in Resources */,
				A1670CAE2B02438C00C0A313 /* Assets.xcassets in Resources */,
			);
			runOnlyForDeploymentPostprocessing = 0;
		};
/* End PBXResourcesBuildPhase section */

/* Begin PBXSourcesBuildPhase section */
		A1670CA22B02438A00C0A313 /* Sources */ = {
			isa = PBXSourcesBuildPhase;
			buildActionMask = 2147483647;
			files = (
				A1670CC32B024AF300C0A313 /* NewItemView.swift in Sources */,
				A1670CC92B034A5D00C0A313 /* ReadView.swift in Sources */,
				A1670CD22B03561E00C0A313 /* DetailPageView.swift in Sources */,
				A1670CCE2B034C3400C0A313 /* ThemeClass.swift in Sources */,
				A1CC89132B0C98AD0022E491 /* HomePageView.swift in Sources */,
				A1670CCB2B034AC900C0A313 /* Formatter.swift in Sources */,
				A1670CBF2B0245A000C0A313 /* BPItem+CoreDataProperties.swift in Sources */,
				A1CC89112B0C94E50022E491 /* SettingPageView.swift in Sources */,
				A1CC89152B0C9D550022E491 /* ChartPageView.swift in Sources */,
				A1670CD02B0351B000C0A313 /* Const.swift in Sources */,
				A1670CB32B02438C00C0A313 /* Persistence.swift in Sources */,
				A1670CBE2B0245A000C0A313 /* BPItem+CoreDataClass.swift in Sources */,
				A1670CAC2B02438A00C0A313 /* ContentView.swift in Sources */,
				A1670CAA2B02438A00C0A313 /* BPS_MVVMApp.swift in Sources */,
				A1670CB62B02438C00C0A313 /* BPS_MVVM.xcdatamodeld in Sources */,
				A1670CC12B0247D300C0A313 /* BPItemViewModel.swift in Sources */,
			);
			runOnlyForDeploymentPostprocessing = 0;
		};
/* End PBXSourcesBuildPhase section */

/* Begin XCBuildConfiguration section */
		A1670CB72B02438C00C0A313 /* Debug */ = {
			isa = XCBuildConfiguration;
			buildSettings = {
				ALWAYS_SEARCH_USER_PATHS = NO;
				CLANG_ANALYZER_NONNULL = YES;
				CLANG_ANALYZER_NUMBER_OBJECT_CONVERSION = YES_AGGRESSIVE;
				CLANG_CXX_LANGUAGE_STANDARD = "gnu++20";
				CLANG_ENABLE_MODULES = YES;
				CLANG_ENABLE_OBJC_ARC = YES;
				CLANG_ENABLE_OBJC_WEAK = YES;
				CLANG_WARN_BLOCK_CAPTURE_AUTORELEASING = YES;
				CLANG_WARN_BOOL_CONVERSION = YES;
				CLANG_WARN_COMMA = YES;
				CLANG_WARN_CONSTANT_CONVERSION = YES;
				CLANG_WARN_DEPRECATED_OBJC_IMPLEMENTATIONS = YES;
				CLANG_WARN_DIRECT_OBJC_ISA_USAGE = YES_ERROR;
				CLANG_WARN_DOCUMENTATION_COMMENTS = YES;
				CLANG_WARN_EMPTY_BODY = YES;
				CLANG_WARN_ENUM_CONVERSION = YES;
				CLANG_WARN_INFINITE_RECURSION = YES;
				CLANG_WARN_INT_CONVERSION = YES;
				CLANG_WARN_NON_LITERAL_NULL_CONVERSION = YES;
				CLANG_WARN_OBJC_IMPLICIT_RETAIN_SELF = YES;
				CLANG_WARN_OBJC_LITERAL_CONVERSION = YES;
				CLANG_WARN_OBJC_ROOT_CLASS = YES_ERROR;
				CLANG_WARN_QUOTED_INCLUDE_IN_FRAMEWORK_HEADER = YES;
				CLANG_WARN_RANGE_LOOP_ANALYSIS = YES;
				CLANG_WARN_STRICT_PROTOTYPES = YES;
				CLANG_WARN_SUSPICIOUS_MOVE = YES;
				CLANG_WARN_UNGUARDED_AVAILABILITY = YES_AGGRESSIVE;
				CLANG_WARN_UNREACHABLE_CODE = YES;
				CLANG_WARN__DUPLICATE_METHOD_MATCH = YES;
				COPY_PHASE_STRIP = NO;
				DEBUG_INFORMATION_FORMAT = dwarf;
				ENABLE_STRICT_OBJC_MSGSEND = YES;
				ENABLE_TESTABILITY = YES;
				GCC_C_LANGUAGE_STANDARD = gnu11;
				GCC_DYNAMIC_NO_PIC = NO;
				GCC_NO_COMMON_BLOCKS = YES;
				GCC_OPTIMIZATION_LEVEL = 0;
				GCC_PREPROCESSOR_DEFINITIONS = (
					"DEBUG=1",
					"$(inherited)",
				);
				GCC_WARN_64_TO_32_BIT_CONVERSION = YES;
				GCC_WARN_ABOUT_RETURN_TYPE = YES_ERROR;
				GCC_WARN_UNDECLARED_SELECTOR = YES;
				GCC_WARN_UNINITIALIZED_AUTOS = YES_AGGRESSIVE;
				GCC_WARN_UNUSED_FUNCTION = YES;
				GCC_WARN_UNUSED_VARIABLE = YES;
				IPHONEOS_DEPLOYMENT_TARGET = 16.4;
				MTL_ENABLE_DEBUG_INFO = INCLUDE_SOURCE;
				MTL_FAST_MATH = YES;
				ONLY_ACTIVE_ARCH = YES;
				SDKROOT = iphoneos;
				SWIFT_ACTIVE_COMPILATION_CONDITIONS = DEBUG;
				SWIFT_OPTIMIZATION_LEVEL = "-Onone";
			};
			name = Debug;
		};
		A1670CB82B02438C00C0A313 /* Release */ = {
			isa = XCBuildConfiguration;
			buildSettings = {
				ALWAYS_SEARCH_USER_PATHS = NO;
				CLANG_ANALYZER_NONNULL = YES;
				CLANG_ANALYZER_NUMBER_OBJECT_CONVERSION = YES_AGGRESSIVE;
				CLANG_CXX_LANGUAGE_STANDARD = "gnu++20";
				CLANG_ENABLE_MODULES = YES;
				CLANG_ENABLE_OBJC_ARC = YES;
				CLANG_ENABLE_OBJC_WEAK = YES;
				CLANG_WARN_BLOCK_CAPTURE_AUTORELEASING = YES;
				CLANG_WARN_BOOL_CONVERSION = YES;
				CLANG_WARN_COMMA = YES;
				CLANG_WARN_CONSTANT_CONVERSION = YES;
				CLANG_WARN_DEPRECATED_OBJC_IMPLEMENTATIONS = YES;
				CLANG_WARN_DIRECT_OBJC_ISA_USAGE = YES_ERROR;
				CLANG_WARN_DOCUMENTATION_COMMENTS = YES;
				CLANG_WARN_EMPTY_BODY = YES;
				CLANG_WARN_ENUM_CONVERSION = YES;
				CLANG_WARN_INFINITE_RECURSION = YES;
				CLANG_WARN_INT_CONVERSION = YES;
				CLANG_WARN_NON_LITERAL_NULL_CONVERSION = YES;
				CLANG_WARN_OBJC_IMPLICIT_RETAIN_SELF = YES;
				CLANG_WARN_OBJC_LITERAL_CONVERSION = YES;
				CLANG_WARN_OBJC_ROOT_CLASS = YES_ERROR;
				CLANG_WARN_QUOTED_INCLUDE_IN_FRAMEWORK_HEADER = YES;
				CLANG_WARN_RANGE_LOOP_ANALYSIS = YES;
				CLANG_WARN_STRICT_PROTOTYPES = YES;
				CLANG_WARN_SUSPICIOUS_MOVE = YES;
				CLANG_WARN_UNGUARDED_AVAILABILITY = YES_AGGRESSIVE;
				CLANG_WARN_UNREACHABLE_CODE = YES;
				CLANG_WARN__DUPLICATE_METHOD_MATCH = YES;
				COPY_PHASE_STRIP = NO;
				DEBUG_INFORMATION_FORMAT = "dwarf-with-dsym";
				ENABLE_NS_ASSERTIONS = NO;
				ENABLE_STRICT_OBJC_MSGSEND = YES;
				GCC_C_LANGUAGE_STANDARD = gnu11;
				GCC_NO_COMMON_BLOCKS = YES;
				GCC_WARN_64_TO_32_BIT_CONVERSION = YES;
				GCC_WARN_ABOUT_RETURN_TYPE = YES_ERROR;
				GCC_WARN_UNDECLARED_SELECTOR = YES;
				GCC_WARN_UNINITIALIZED_AUTOS = YES_AGGRESSIVE;
				GCC_WARN_UNUSED_FUNCTION = YES;
				GCC_WARN_UNUSED_VARIABLE = YES;
				IPHONEOS_DEPLOYMENT_TARGET = 16.4;
				MTL_ENABLE_DEBUG_INFO = NO;
				MTL_FAST_MATH = YES;
				SDKROOT = iphoneos;
				SWIFT_COMPILATION_MODE = wholemodule;
				SWIFT_OPTIMIZATION_LEVEL = "-O";
				VALIDATE_PRODUCT = YES;
			};
			name = Release;
		};
		A1670CBA2B02438C00C0A313 /* Debug */ = {
			isa = XCBuildConfiguration;
			buildSettings = {
				ASSETCATALOG_COMPILER_APPICON_NAME = AppIcon;
				ASSETCATALOG_COMPILER_GLOBAL_ACCENT_COLOR_NAME = AccentColor;
				CODE_SIGN_STYLE = Automatic;
				CURRENT_PROJECT_VERSION = 1;
				DEVELOPMENT_ASSET_PATHS = "\"BPS_MVVM/Preview Content\"";
				DEVELOPMENT_TEAM = 3T96536DB8;
				ENABLE_PREVIEWS = YES;
				GENERATE_INFOPLIST_FILE = YES;
				INFOPLIST_KEY_UIApplicationSceneManifest_Generation = YES;
				INFOPLIST_KEY_UIApplicationSupportsIndirectInputEvents = YES;
				INFOPLIST_KEY_UILaunchScreen_Generation = YES;
				INFOPLIST_KEY_UISupportedInterfaceOrientations_iPad = "UIInterfaceOrientationPortrait UIInterfaceOrientationPortraitUpsideDown UIInterfaceOrientationLandscapeLeft UIInterfaceOrientationLandscapeRight";
				INFOPLIST_KEY_UISupportedInterfaceOrientations_iPhone = "UIInterfaceOrientationPortrait UIInterfaceOrientationLandscapeLeft UIInterfaceOrientationLandscapeRight";
				LD_RUNPATH_SEARCH_PATHS = (
					"$(inherited)",
					"@executable_path/Frameworks",
				);
				MARKETING_VERSION = 1.0;
				PRODUCT_BUNDLE_IDENTIFIER = "com.kenlin.BPS-MVVM";
				PRODUCT_NAME = "$(TARGET_NAME)";
				SWIFT_EMIT_LOC_STRINGS = YES;
				SWIFT_VERSION = 5.0;
				TARGETED_DEVICE_FAMILY = "1,2";
			};
			name = Debug;
		};
		A1670CBB2B02438C00C0A313 /* Release */ = {
			isa = XCBuildConfiguration;
			buildSettings = {
				ASSETCATALOG_COMPILER_APPICON_NAME = AppIcon;
				ASSETCATALOG_COMPILER_GLOBAL_ACCENT_COLOR_NAME = AccentColor;
				CODE_SIGN_STYLE = Automatic;
				CURRENT_PROJECT_VERSION = 1;
				DEVELOPMENT_ASSET_PATHS = "\"BPS_MVVM/Preview Content\"";
				DEVELOPMENT_TEAM = 3T96536DB8;
				ENABLE_PREVIEWS = YES;
				GENERATE_INFOPLIST_FILE = YES;
				INFOPLIST_KEY_UIApplicationSceneManifest_Generation = YES;
				INFOPLIST_KEY_UIApplicationSupportsIndirectInputEvents = YES;
				INFOPLIST_KEY_UILaunchScreen_Generation = YES;
				INFOPLIST_KEY_UISupportedInterfaceOrientations_iPad = "UIInterfaceOrientationPortrait UIInterfaceOrientationPortraitUpsideDown UIInterfaceOrientationLandscapeLeft UIInterfaceOrientationLandscapeRight";
				INFOPLIST_KEY_UISupportedInterfaceOrientations_iPhone = "UIInterfaceOrientationPortrait UIInterfaceOrientationLandscapeLeft UIInterfaceOrientationLandscapeRight";
				LD_RUNPATH_SEARCH_PATHS = (
					"$(inherited)",
					"@executable_path/Frameworks",
				);
				MARKETING_VERSION = 1.0;
				PRODUCT_BUNDLE_IDENTIFIER = "com.kenlin.BPS-MVVM";
				PRODUCT_NAME = "$(TARGET_NAME)";
				SWIFT_EMIT_LOC_STRINGS = YES;
				SWIFT_VERSION = 5.0;
				TARGETED_DEVICE_FAMILY = "1,2";
			};
			name = Release;
		};
/* End XCBuildConfiguration section */

/* Begin XCConfigurationList section */
		A1670CA12B02438A00C0A313 /* Build configuration list for PBXProject "BPS_MVVM" */ = {
			isa = XCConfigurationList;
			buildConfigurations = (
				A1670CB72B02438C00C0A313 /* Debug */,
				A1670CB82B02438C00C0A313 /* Release */,
			);
			defaultConfigurationIsVisible = 0;
			defaultConfigurationName = Release;
		};
		A1670CB92B02438C00C0A313 /* Build configuration list for PBXNativeTarget "BPS_MVVM" */ = {
			isa = XCConfigurationList;
			buildConfigurations = (
				A1670CBA2B02438C00C0A313 /* Debug */,
				A1670CBB2B02438C00C0A313 /* Release */,
			);
			defaultConfigurationIsVisible = 0;
			defaultConfigurationName = Release;
		};
/* End XCConfigurationList section */

/* Begin XCVersionGroup section */
		A1670CB42B02438C00C0A313 /* BPS_MVVM.xcdatamodeld */ = {
			isa = XCVersionGroup;
			children = (
				A1670CB52B02438C00C0A313 /* BPS_MVVM.xcdatamodel */,
			);
			currentVersion = A1670CB52B02438C00C0A313 /* BPS_MVVM.xcdatamodel */;
			path = BPS_MVVM.xcdatamodeld;
			sourceTree = "<group>";
			versionGroupType = wrapper.xcdatamodel;
		};
/* End XCVersionGroup section */
	};
	rootObject = A1670C9E2B02438A00C0A313 /* Project object */;
}
